
Microsoft Visual Studio Solution File, Format Version 12.00
# Visual Studio Version 16
VisualStudioVersion = 16.0.31515.178
MinimumVisualStudioVersion = 10.0.40219.1
Project("{9A19103F-16F7-4668-BE54-9A1E7A4F7556}") = "InterviewCalendarAPI", "InterviewCalendarAPI\InterviewCalendarAPI.csproj", "{8A9402BA-4E56-4EE0-8E31-D7C9C9BF258A}"
EndProject
Project("{9A19103F-16F7-4668-BE54-9A1E7A4F7556}") = "Interfaces", "Interfaces\Interfaces.csproj", "{5CE9C09B-36D9-4304-9041-8605CD948FC7}"
EndProject
Project("{9A19103F-16F7-4668-BE54-9A1E7A4F7556}") = "Entities", "Entities\Entities.csproj", "{1343D96D-1D4A-45C8-9D3E-F8A95088FA64}"
EndProject
Project("{9A19103F-16F7-4668-BE54-9A1E7A4F7556}") = "Repository", "Repository\Repository.csproj", "{2BA9CB0C-8754-46A7-899B-3D1277035442}"
EndProject
Project("{FAE04EC0-301F-11D3-BF4B-00C04F79EFBC}") = "Services", "Services\Services.csproj", "{92B7BB28-234D-46C9-8081-9E7527FCD16E}"
EndProject
Global
	GlobalSection(SolutionConfigurationPlatforms) = preSolution
		Debug|Any CPU = Debug|Any CPU
		Release|Any CPU = Release|Any CPU
	EndGlobalSection
	GlobalSection(ProjectConfigurationPlatforms) = postSolution
		{8A9402BA-4E56-4EE0-8E31-D7C9C9BF258A}.Debug|Any CPU.ActiveCfg = Debug|Any CPU
		{8A9402BA-4E56-4EE0-8E31-D7C9C9BF258A}.Debug|Any CPU.Build.0 = Debug|Any CPU
		{8A9402BA-4E56-4EE0-8E31-D7C9C9BF258A}.Release|Any CPU.ActiveCfg = Release|Any CPU
		{8A9402BA-4E56-4EE0-8E31-D7C9C9BF258A}.Release|Any CPU.Build.0 = Release|Any CPU
		{5CE9C09B-36D9-4304-9041-8605CD948FC7}.Debug|Any CPU.ActiveCfg = Debug|Any CPU
		{5CE9C09B-36D9-4304-9041-8605CD948FC7}.Debug|Any CPU.Build.0 = Debug|Any CPU
		{5CE9C09B-36D9-4304-9041-8605CD948FC7}.Release|Any CPU.ActiveCfg = Release|Any CPU
		{5CE9C09B-36D9-4304-9041-8605CD948FC7}.Release|Any CPU.Build.0 = Release|Any CPU
		{1343D96D-1D4A-45C8-9D3E-F8A95088FA64}.Debug|Any CPU.ActiveCfg = Debug|Any CPU
		{1343D96D-1D4A-45C8-9D3E-F8A95088FA64}.Debug|Any CPU.Build.0 = Debug|Any CPU
		{1343D96D-1D4A-45C8-9D3E-F8A95088FA64}.Release|Any CPU.ActiveCfg = Release|Any CPU
		{1343D96D-1D4A-45C8-9D3E-F8A95088FA64}.Release|Any CPU.Build.0 = Release|Any CPU
		{2BA9CB0C-8754-46A7-899B-3D1277035442}.Debug|Any CPU.ActiveCfg = Debug|Any CPU
		{2BA9CB0C-8754-46A7-899B-3D1277035442}.Debug|Any CPU.Build.0 = Debug|Any CPU
		{2BA9CB0C-8754-46A7-899B-3D1277035442}.Release|Any CPU.ActiveCfg = Release|Any CPU
		{2BA9CB0C-8754-46A7-899B-3D1277035442}.Release|Any CPU.Build.0 = Release|Any CPU
		{92B7BB28-234D-46C9-8081-9E7527FCD16E}.Debug|Any CPU.ActiveCfg = Debug|Any CPU
		{92B7BB28-234D-46C9-8081-9E7527FCD16E}.Debug|Any CPU.Build.0 = Debug|Any CPU
		{92B7BB28-234D-46C9-8081-9E7527FCD16E}.Release|Any CPU.ActiveCfg = Release|Any CPU
		{92B7BB28-234D-46C9-8081-9E7527FCD16E}.Release|Any CPU.Build.0 = Release|Any CPU
	EndGlobalSection
	GlobalSection(SolutionProperties) = preSolution
		HideSolutionNode = FALSE
	EndGlobalSection
	GlobalSection(ExtensibilityGlobals) = postSolution
		SolutionGuid = {129FDD98-3F1E-4E1C-A417-D4CAD31D4EA4}
	EndGlobalSection
EndGlobal
